
Microsoft Visual Studio Solution File, Format Version 12.00
# Visual Studio 15
VisualStudioVersion = 15.0.26228.10
MinimumVisualStudioVersion = 10.0.40219.1
Project("{FAE04EC0-301F-11D3-BF4B-00C04F79EFBC}") = "TaskPlannerUI", "TaskPlannerUI\TaskPlannerUI.csproj", "{FEB97615-0DBA-4064-BBE9-F90B2534AA45}"
EndProject
Project("{FAE04EC0-301F-11D3-BF4B-00C04F79EFBC}") = "TaskPlanner", "TaskPlanner\TaskPlanner.csproj", "{50EC65DB-DEF7-4AD7-87C7-EFCF304A5BBA}"
EndProject
Project("{FAE04EC0-301F-11D3-BF4B-00C04F79EFBC}") = "Bilder", "Bilder\Bilder.csproj", "{33414FE1-66E4-4983-8F6D-9DD043759E59}"
EndProject
Project("{FAE04EC0-301F-11D3-BF4B-00C04F79EFBC}") = "TaskPlanner.Tests", "TaskPlanner.Tests\TaskPlanner.Tests.csproj", "{99AE8DE6-BE45-4D30-9066-1D27ECD4DED2}"
EndProject
Project("{FAE04EC0-301F-11D3-BF4B-00C04F79EFBC}") = "TaskPlanner.Presentation", "TaskPlanner.Presentation\TaskPlanner.Presentation.csproj", "{AC562045-B5DB-4996-BE26-7E803FC0AB41}"
EndProject
Global
	GlobalSection(SolutionConfigurationPlatforms) = preSolution
		Debug|Any CPU = Debug|Any CPU
		Release|Any CPU = Release|Any CPU
	EndGlobalSection
	GlobalSection(ProjectConfigurationPlatforms) = postSolution
		{FEB97615-0DBA-4064-BBE9-F90B2534AA45}.Debug|Any CPU.ActiveCfg = Debug|Any CPU
		{FEB97615-0DBA-4064-BBE9-F90B2534AA45}.Debug|Any CPU.Build.0 = Debug|Any CPU
		{FEB97615-0DBA-4064-BBE9-F90B2534AA45}.Release|Any CPU.ActiveCfg = Release|Any CPU
		{FEB97615-0DBA-4064-BBE9-F90B2534AA45}.Release|Any CPU.Build.0 = Release|Any CPU
		{50EC65DB-DEF7-4AD7-87C7-EFCF304A5BBA}.Debug|Any CPU.ActiveCfg = Debug|Any CPU
		{50EC65DB-DEF7-4AD7-87C7-EFCF304A5BBA}.Debug|Any CPU.Build.0 = Debug|Any CPU
		{50EC65DB-DEF7-4AD7-87C7-EFCF304A5BBA}.Release|Any CPU.ActiveCfg = Release|Any CPU
		{50EC65DB-DEF7-4AD7-87C7-EFCF304A5BBA}.Release|Any CPU.Build.0 = Release|Any CPU
		{33414FE1-66E4-4983-8F6D-9DD043759E59}.Debug|Any CPU.ActiveCfg = Debug|Any CPU
		{33414FE1-66E4-4983-8F6D-9DD043759E59}.Debug|Any CPU.Build.0 = Debug|Any CPU
		{33414FE1-66E4-4983-8F6D-9DD043759E59}.Release|Any CPU.ActiveCfg = Release|Any CPU
		{33414FE1-66E4-4983-8F6D-9DD043759E59}.Release|Any CPU.Build.0 = Release|Any CPU
		{99AE8DE6-BE45-4D30-9066-1D27ECD4DED2}.Debug|Any CPU.ActiveCfg = Debug|Any CPU
		{99AE8DE6-BE45-4D30-9066-1D27ECD4DED2}.Debug|Any CPU.Build.0 = Debug|Any CPU
		{99AE8DE6-BE45-4D30-9066-1D27ECD4DED2}.Release|Any CPU.ActiveCfg = Release|Any CPU
		{99AE8DE6-BE45-4D30-9066-1D27ECD4DED2}.Release|Any CPU.Build.0 = Release|Any CPU
		{AC562045-B5DB-4996-BE26-7E803FC0AB41}.Debug|Any CPU.ActiveCfg = Debug|Any CPU
		{AC562045-B5DB-4996-BE26-7E803FC0AB41}.Debug|Any CPU.Build.0 = Debug|Any CPU
		{AC562045-B5DB-4996-BE26-7E803FC0AB41}.Release|Any CPU.ActiveCfg = Release|Any CPU
		{AC562045-B5DB-4996-BE26-7E803FC0AB41}.Release|Any CPU.Build.0 = Release|Any CPU
	EndGlobalSection
	GlobalSection(SolutionProperties) = preSolution
		HideSolutionNode = FALSE
	EndGlobalSection
EndGlobal
